Microsoft Visual Studio Solution File, Format Version 12.00
# Visual Studio Version 17
VisualStudioVersion = 17.5.2.0
MinimumVisualStudioVersion = 10.0.40219.1
Project("{FAE04EC0-301F-11D3-BF4B-00C04F79EFBC}") = "CopilotEvalApi", "backend\CopilotEvalApi.csproj", "{42E7C91C-2949-FCB1-4F30-7BE1C74B4928}"
EndProject
Project("{FAE04EC0-301F-11D3-BF4B-00C04F79EFBC}") = "CopilotEvalApi.Tests", "tests\backend\CopilotEvalApi.Tests\CopilotEvalApi.Tests.csproj", "{8F2A9A5B-1234-5678-9ABC-DEF012345678}"
EndProject
Global
	GlobalSection(SolutionConfigurationPlatforms) = preSolution
		Debug|Any CPU = Debug|Any CPU
		Release|Any CPU = Release|Any CPU
	EndGlobalSection
	GlobalSection(ProjectConfigurationPlatforms) = postSolution
		{42E7C91C-2949-FCB1-4F30-7BE1C74B4928}.Debug|Any CPU.ActiveCfg = Debug|Any CPU
		{42E7C91C-2949-FCB1-4F30-7BE1C74B4928}.Debug|Any CPU.Build.0 = Debug|Any CPU
		{42E7C91C-2949-FCB1-4F30-7BE1C74B4928}.Release|Any CPU.ActiveCfg = Release|Any CPU
		{42E7C91C-2949-FCB1-4F30-7BE1C74B4928}.Release|Any CPU.Build.0 = Release|Any CPU
		{8F2A9A5B-1234-5678-9ABC-DEF012345678}.Debug|Any CPU.ActiveCfg = Debug|Any CPU
		{8F2A9A5B-1234-5678-9ABC-DEF012345678}.Debug|Any CPU.Build.0 = Debug|Any CPU
		{8F2A9A5B-1234-5678-9ABC-DEF012345678}.Release|Any CPU.ActiveCfg = Release|Any CPU
		{8F2A9A5B-1234-5678-9ABC-DEF012345678}.Release|Any CPU.Build.0 = Release|Any CPU
	EndGlobalSection
	GlobalSection(SolutionProperties) = preSolution
		HideSolutionNode = FALSE
	EndGlobalSection
	GlobalSection(ExtensibilityGlobals) = postSolution
		SolutionGuid = {F0F6808D-1820-4848-A0F9-33A02DE0CE76}
	EndGlobalSection
EndGlobal
